{
  "version": "4",
  "specifiers": {
    "jsr:@jackfiszr/faker@*": "1.1.6",
    "jsr:@jackfiszr/faker@1": "1.1.6",
    "jsr:@std/assert@*": "1.0.11",
    "jsr:@std/assert@^1.0.10": "1.0.11",
    "jsr:@std/async@^1.0.9": "1.0.11",
    "jsr:@std/data-structures@^1.0.6": "1.0.6",
    "jsr:@std/internal@^1.0.5": "1.0.5",
    "jsr:@std/testing@*": "1.0.9",
    "npm:@grammyjs/types@3": "3.19.0",
    "npm:telegram-webapps@8": "8.0.4"
  },
  "jsr": {
    "@jackfiszr/faker@1.1.6": {
      "integrity": "0d04ca2a13889243670c17ef30d318208c918a7c6a5afbdb6e0958d4cd71e98b"
    },
    "@std/assert@1.0.11": {
      "integrity": "2461ef3c368fe88bc60e186e7744a93112f16fd110022e113a0849e94d1c83c1",
      "dependencies": [
        "jsr:@std/internal"
      ]
    },
    "@std/async@1.0.11": {
      "integrity": "eee0d3405275506638a9c8efaa849cf0d35873120c69b7caa1309c9a9e5b6f85"
    },
    "@std/data-structures@1.0.6": {
      "integrity": "76a7fd8080c66604c0496220a791860492ab21a04a63a969c0b9a0609bbbb760"
    },
    "@std/internal@1.0.5": {
      "integrity": "54a546004f769c1ac9e025abd15a76b6671ddc9687e2313b67376125650dc7ba"
    },
    "@std/testing@1.0.9": {
      "integrity": "9bdd4ac07cb13e7594ac30e90f6ceef7254ac83a9aeaa089be0008f33aab5cd4",
      "dependencies": [
        "jsr:@std/assert@^1.0.10",
        "jsr:@std/async",
        "jsr:@std/data-structures",
        "jsr:@std/internal"
      ]
    }
  },
  "npm": {
    "@grammyjs/types@3.19.0": {
      "integrity": "sha512-N0MS+RJG+AGSNuka1GWVj88oyK1oti4I0eQq6jGo4hic3P9MwFfnHjGQuIExZ3tlJUrZYwC/T7gk4Tu3+guJyg=="
    },
    "telegram-webapps@8.0.4": {
      "integrity": "sha512-COjSOSfAvtn+EsFVe/zar5U0QQ0mLavpl66P9gKjoJacozHmbqSvcA+pYRx7JstXH1H1BbEZXoK02RGlLbLPUA=="
    }
  }
}
