lockfileVersion: '9.0'

settings:
  autoInstallPeers: true
  excludeLinksFromLockfile: false

importers:

  .:
    devDependencies:
      '@faker-js/faker':
        specifier: ^10.3.0
        version: 10.3.0
      '@grammyjs/types':
        specifier: ^3.25.0
        version: 3.25.0
      typescript:
        specifier: ^5.0.0
        version: 5.9.3

packages:

  '@faker-js/faker@10.3.0':
    resolution: {integrity: sha512-It0Sne6P3szg7JIi6CgKbvTZoMjxBZhcv91ZrqrNuaZQfB5WoqYYbzCUOq89YR+VY8juY9M1vDWmDDa2TzfXCw==}
    engines: {node: ^20.19.0 || ^22.13.0 || ^23.5.0 || >=24.0.0, npm: '>=10'}

  '@grammyjs/types@3.25.0':
    resolution: {integrity: sha512-iN9i5p+8ZOu9OMxWNcguojQfz4K/PDyMPOnL7PPCON+SoA/F8OKMH3uR7CVUkYfdNe0GCz8QOzAWrnqusQYFOg==}

  typescript@5.9.3:
    resolution: {integrity: sha512-jl1vZzPDinLr9eUt3J/t7V6FgNEw9QjvBPdysz9KfQDD41fQrC2Y4vKQdiaUpFT4bXlb1RHhLpp8wtm6M5TgSw==}
    engines: {node: '>=14.17'}
    hasBin: true

snapshots:

  '@faker-js/faker@10.3.0': {}

  '@grammyjs/types@3.25.0': {}

  typescript@5.9.3: {}
